
Microsoft Visual Studio Solution File, Format Version 12.00
# Visual Studio Version 16
VisualStudioVersion = 16.0.29613.14
MinimumVisualStudioVersion = 10.0.40219.1
Project("{FAE04EC0-301F-11D3-BF4B-00C04F79EFBC}") = "Rdppractice3", "Rdppractice3\Rdppractice3.csproj", "{A41A69EE-F10A-435B-B239-E536B42367DF}"
EndProject
Global
	GlobalSection(SolutionConfigurationPlatforms) = preSolution
		Debug|Any CPU = Debug|Any CPU
		Release|Any CPU = Release|Any CPU
	EndGlobalSection
	GlobalSection(ProjectConfigurationPlatforms) = postSolution
		{A41A69EE-F10A-435B-B239-E536B42367DF}.Debug|Any CPU.ActiveCfg = Debug|Any CPU
		{A41A69EE-F10A-435B-B239-E536B42367DF}.Debug|Any CPU.Build.0 = Debug|Any CPU
		{A41A69EE-F10A-435B-B239-E536B42367DF}.Release|Any CPU.ActiveCfg = Release|Any CPU
		{A41A69EE-F10A-435B-B239-E536B42367DF}.Release|Any CPU.Build.0 = Release|Any CPU
	EndGlobalSection
	GlobalSection(SolutionProperties) = preSolution
		HideSolutionNode = FALSE
	EndGlobalSection
	GlobalSection(ExtensibilityGlobals) = postSolution
		SolutionGuid = {E2A945A3-518E-41AA-AE32-F6B84A60C00E}
	EndGlobalSection
EndGlobal
